{
  "version": 4,
  "terraform_version": "1.6.6",
  "serial": 1,
  "lineage": "b2f1bea4-0350-16df-9f51-5ea451d6294b",
  "outputs": {},
  "resources": [
    {
      "mode": "managed",
      "type": "local_file",
      "name": "foo",
      "provider": "provider[\"registry.terraform.io/hashicorp/local\"]",
      "instances": [
        {
          "schema_version": 0,
          "attributes": {
            "content": "6",
            "content_base64": null,
            "content_base64sha256": "5/bAEXdujbfNMwtUF0/Xb30CFrYSOHpf/PuB5vCRloM=",
            "content_base64sha512": "PJrVUUenFE9gZzJ8O4LqcOfFQmrdnO6k0H3CkCI5v54Em4hiXrZdAUp3GPeTVGCMqwkheCxkPwIImD//o1guQA==",
            "content_md5": "1679091c5a880faf6fb5e6087eb1b2dc",
            "content_sha1": "c1dfd96eea8cc2b62785275bca38ac261256e278",
            "content_sha256": "e7f6c011776e8db7cd330b54174fd76f7d0216b612387a5ffcfb81e6f0919683",
            "content_sha512": "3c9ad55147a7144f6067327c3b82ea70e7c5426add9ceea4d07dc2902239bf9e049b88625eb65d014a7718f79354608cab0921782c643f0208983fffa3582e40",
            "directory_permission": "0777",
            "file_permission": "0777",
            "filename": "./file2.bar",
            "id": "c1dfd96eea8cc2b62785275bca38ac261256e278",
            "sensitive_content": null,
            "source": null
          },
          "sensitive_attributes": []
        }
      ]
    }
  ],
  "check_results": null
}
