{
  "version": 4,
  "terraform_version": "1.6.6",
  "serial": 39,
  "lineage": "4f6ecc13-1d83-b186-1e7d-89d5a21bd8b3",
  "outputs": {
    "out1_randomId": {
      "value": "Uf8r6rsaZjE",
      "type": "string"
    }
  },
  "resources": [
    {
      "mode": "managed",
      "type": "local_file",
      "name": "foo",
      "provider": "provider[\"registry.terraform.io/hashicorp/local\"]",
      "instances": [
        {
          "schema_version": 0,
          "attributes": {
            "content": "My Content",
            "content_base64": null,
            "content_base64sha256": "BTjwmLr2q+87YANNhyqAJLaO51IAa20OkXAUXmpG6j8=",
            "content_base64sha512": "obtdM+BJPus1Y10FNAVqzo+fFBoLEK4Vd36IzwHSrJjMIfWz0pxWbrfDKC+RwiSq3ZyxEpzv0ilFDnmEHfa9UQ==",
            "content_md5": "a86c5dea3ad44078a1f79f9cf2c6786d",
            "content_sha1": "73f6f1a2ab9ef4045cab1e68f05771770aa076f5",
            "content_sha256": "0538f098baf6abef3b60034d872a8024b68ee752006b6d0e9170145e6a46ea3f",
            "content_sha512": "a1bb5d33e0493eeb35635d0534056ace8f9f141a0b10ae15777e88cf01d2ac98cc21f5b3d29c566eb7c3282f91c224aadd9cb1129cefd229450e79841df6bd51",
            "directory_permission": "0777",
            "file_permission": "0777",
            "filename": "./file1.bar",
            "id": "73f6f1a2ab9ef4045cab1e68f05771770aa076f5",
            "sensitive_content": null,
            "source": null
          },
          "sensitive_attributes": []
        }
      ]
    },
    {
      "mode": "managed",
      "type": "random_bytes",
      "name": "jwt_secret",
      "provider": "provider[\"registry.terraform.io/hashicorp/random\"]",
      "instances": [
        {
          "schema_version": 0,
          "attributes": {
            "base64": "KVh5UlJS8SB8hzlLSyqqg4q1zYm2uFTOQnHbOGsdsxzDpId3OGTHu6ymUA6vNbEj3stn9RmIzwK8CGu+xn7TFw==",
            "hex": "295879525252f1207c87394b4b2aaa838ab5cd89b6b854ce4271db386b1db31cc3a487773864c7bbaca6500eaf35b123decb67f51988cf02bc086bbec67ed317",
            "keepers": null,
            "length": 64
          },
          "sensitive_attributes": []
        }
      ]
    },
    {
      "mode": "managed",
      "type": "random_id",
      "name": "server",
      "provider": "provider[\"registry.terraform.io/hashicorp/random\"]",
      "instances": [
        {
          "schema_version": 0,
          "attributes": {
            "b64_std": "Uf8r6rsaZjE=",
            "b64_url": "Uf8r6rsaZjE",
            "byte_length": 8,
            "dec": "5908489523294791217",
            "hex": "51ff2beabb1a6631",
            "id": "Uf8r6rsaZjE",
            "keepers": {
              "new_id": "55"
            },
            "prefix": null
          },
          "sensitive_attributes": []
        }
      ]
    },
    {
      "mode": "managed",
      "type": "random_integer",
      "name": "priority",
      "provider": "provider[\"registry.terraform.io/hashicorp/random\"]",
      "instances": [
        {
          "schema_version": 0,
          "attributes": {
            "id": "23579",
            "keepers": {},
            "max": 50000,
            "min": 1,
            "result": 23579,
            "seed": null
          },
          "sensitive_attributes": []
        }
      ]
    },
    {
      "mode": "managed",
      "type": "random_string",
      "name": "random",
      "provider": "provider[\"registry.terraform.io/hashicorp/random\"]",
      "instances": [
        {
          "schema_version": 2,
          "attributes": {
            "id": "�8hmte1hCAo/71rw",
            "keepers": null,
            "length": 16,
            "lower": true,
            "min_lower": 0,
            "min_numeric": 0,
            "min_special": 0,
            "min_upper": 0,
            "number": true,
            "numeric": true,
            "override_special": "/@£$",
            "result": "�8hmte1hCAo/71rw",
            "special": true,
            "upper": true
          },
          "sensitive_attributes": []
        }
      ]
    }
  ],
  "check_results": null
}
