{
  "version": 4,
  "terraform_version": "1.6.6",
  "serial": 1,
  "lineage": "bdc08957-a4c8-272a-a8ca-9e3829a4dee2",
  "outputs": {},
  "resources": [
    {
      "mode": "managed",
      "type": "local_file",
      "name": "foo",
      "provider": "provider[\"registry.terraform.io/hashicorp/local\"]",
      "instances": [
        {
          "schema_version": 0,
          "attributes": {
            "content": "Noida",
            "content_base64": null,
            "content_base64sha256": "/3Wen+9Ixzk8e4zCnP/uc9too0XsMqRYUbeNhKnzUhM=",
            "content_base64sha512": "m8BYI6G/DaJJnIx/b2Rok6YtM6RWFOVTJ4gjKxv/aufb8FAqp+mDpcDsLrB9OoKQIcVJWZ4Q2jDWsKnhJZerGQ==",
            "content_md5": "95a1f9811cbee4674d0f24b21187db3d",
            "content_sha1": "9f610c427515fb5addec919beadb35b1add16dff",
            "content_sha256": "ff759e9fef48c7393c7b8cc29cffee73db68a345ec32a45851b78d84a9f35213",
            "content_sha512": "9bc05823a1bf0da2499c8c7f6f646893a62d33a45614e5532788232b1bff6ae7dbf0502aa7e983a5c0ec2eb07d3a829021c549599e10da30d6b0a9e12597ab19",
            "directory_permission": "0777",
            "file_permission": "0777",
            "filename": "./file3.bar",
            "id": "9f610c427515fb5addec919beadb35b1add16dff",
            "sensitive_content": null,
            "source": null
          },
          "sensitive_attributes": []
        }
      ]
    }
  ],
  "check_results": null
}
